
Microsoft Visual Studio Solution File, Format Version 12.00
# Visual Studio Version 16
VisualStudioVersion = 16.0.33801.447
MinimumVisualStudioVersion = 10.0.40219.1
Project("{FAE04EC0-301F-11D3-BF4B-00C04F79EFBC}") = "Logistic", "Logistic\Logistic.csproj", "{F5B74313-D337-4898-892D-01A04E741F94}"
EndProject
Project("{FAE04EC0-301F-11D3-BF4B-00C04F79EFBC}") = "SMSHelper", "SMSHelper\SMSHelper.csproj", "{EDCD8D69-C7EA-4239-BD4D-219FD876A3C7}"
EndProject
Project("{FAE04EC0-301F-11D3-BF4B-00C04F79EFBC}") = "EmailHelper", "EmailHelper\EmailHelper.csproj", "{9F58706C-B21C-461A-8B05-D2682715549B}"
EndProject
Project("{FAE04EC0-301F-11D3-BF4B-00C04F79EFBC}") = "AccountManagement", "AccountManagement\AccountManagement.csproj", "{FF74D7F3-0666-478F-8C3E-B6EDDD81A1D1}"
EndProject
Project("{FAE04EC0-301F-11D3-BF4B-00C04F79EFBC}") = "DataBaseAccessLayer", "DataBaseAccessLayer\DataBaseAccessLayer.csproj", "{2421355D-FB5E-4997-8F23-7B12A985A031}"
EndProject
Project("{FAE04EC0-301F-11D3-BF4B-00C04F79EFBC}") = "DataBaseObject", "DataBaseObject\DataBaseObject.csproj", "{77E1844F-C49F-4802-8EA5-F9326205336D}"
EndProject
Global
	GlobalSection(SolutionConfigurationPlatforms) = preSolution
		Debug|Any CPU = Debug|Any CPU
		Release|Any CPU = Release|Any CPU
	EndGlobalSection
	GlobalSection(ProjectConfigurationPlatforms) = postSolution
		{F5B74313-D337-4898-892D-01A04E741F94}.Debug|Any CPU.ActiveCfg = Debug|Any CPU
		{F5B74313-D337-4898-892D-01A04E741F94}.Debug|Any CPU.Build.0 = Debug|Any CPU
		{F5B74313-D337-4898-892D-01A04E741F94}.Release|Any CPU.ActiveCfg = Release|Any CPU
		{F5B74313-D337-4898-892D-01A04E741F94}.Release|Any CPU.Build.0 = Release|Any CPU
		{EDCD8D69-C7EA-4239-BD4D-219FD876A3C7}.Debug|Any CPU.ActiveCfg = Debug|Any CPU
		{EDCD8D69-C7EA-4239-BD4D-219FD876A3C7}.Debug|Any CPU.Build.0 = Debug|Any CPU
		{EDCD8D69-C7EA-4239-BD4D-219FD876A3C7}.Release|Any CPU.ActiveCfg = Release|Any CPU
		{EDCD8D69-C7EA-4239-BD4D-219FD876A3C7}.Release|Any CPU.Build.0 = Release|Any CPU
		{9F58706C-B21C-461A-8B05-D2682715549B}.Debug|Any CPU.ActiveCfg = Debug|Any CPU
		{9F58706C-B21C-461A-8B05-D2682715549B}.Debug|Any CPU.Build.0 = Debug|Any CPU
		{9F58706C-B21C-461A-8B05-D2682715549B}.Release|Any CPU.ActiveCfg = Release|Any CPU
		{9F58706C-B21C-461A-8B05-D2682715549B}.Release|Any CPU.Build.0 = Release|Any CPU
		{FF74D7F3-0666-478F-8C3E-B6EDDD81A1D1}.Debug|Any CPU.ActiveCfg = Debug|Any CPU
		{FF74D7F3-0666-478F-8C3E-B6EDDD81A1D1}.Debug|Any CPU.Build.0 = Debug|Any CPU
		{FF74D7F3-0666-478F-8C3E-B6EDDD81A1D1}.Release|Any CPU.ActiveCfg = Release|Any CPU
		{FF74D7F3-0666-478F-8C3E-B6EDDD81A1D1}.Release|Any CPU.Build.0 = Release|Any CPU
		{2421355D-FB5E-4997-8F23-7B12A985A031}.Debug|Any CPU.ActiveCfg = Debug|Any CPU
		{2421355D-FB5E-4997-8F23-7B12A985A031}.Debug|Any CPU.Build.0 = Debug|Any CPU
		{2421355D-FB5E-4997-8F23-7B12A985A031}.Release|Any CPU.ActiveCfg = Release|Any CPU
		{2421355D-FB5E-4997-8F23-7B12A985A031}.Release|Any CPU.Build.0 = Release|Any CPU
		{77E1844F-C49F-4802-8EA5-F9326205336D}.Debug|Any CPU.ActiveCfg = Debug|Any CPU
		{77E1844F-C49F-4802-8EA5-F9326205336D}.Debug|Any CPU.Build.0 = Debug|Any CPU
		{77E1844F-C49F-4802-8EA5-F9326205336D}.Release|Any CPU.ActiveCfg = Release|Any CPU
		{77E1844F-C49F-4802-8EA5-F9326205336D}.Release|Any CPU.Build.0 = Release|Any CPU
	EndGlobalSection
	GlobalSection(SolutionProperties) = preSolution
		HideSolutionNode = FALSE
	EndGlobalSection
	GlobalSection(ExtensibilityGlobals) = postSolution
		SolutionGuid = {FA369EE8-EB8E-42CC-B50B-4CD5BD19ABDC}
	EndGlobalSection
EndGlobal
